// !$*UTF8*$!
{
	archiveVersion = 1;
	classes = {
	};
	objectVersion = 77;
	objects = {

/* Begin PBXBuildFile section */
		2F3658BE2DD25ED200BA1E85 /* UIButton+TestHelpers.swift in Sources */ = {isa = PBXBuildFile; fileRef = 2F3658BA2DD25ED200BA1E85 /* UIButton+TestHelpers.swift */; };
		2F3658BF2DD25ED200BA1E85 /* UIControl+TestHelpers.swift in Sources */ = {isa = PBXBuildFile; fileRef = 2F3658BB2DD25ED200BA1E85 /* UIControl+TestHelpers.swift */; };
		2F3658C12DD25ED200BA1E85 /* UIImage+TestHelpers.swift in Sources */ = {isa = PBXBuildFile; fileRef = 2F3658BC2DD25ED200BA1E85 /* UIImage+TestHelpers.swift */; };
		2F3658C22DD25ED200BA1E85 /* FeedViewControllerTests+Assertions.swift in Sources */ = {isa = PBXBuildFile; fileRef = 2F3658B82DD25ED200BA1E85 /* FeedViewControllerTests+Assertions.swift */; };
		2F3658C32DD25ED200BA1E85 /* FeedViewControllerTests+LoaderSpy.swift in Sources */ = {isa = PBXBuildFile; fileRef = 2F3658B92DD25ED200BA1E85 /* FeedViewControllerTests+LoaderSpy.swift */; };
		2F3658C42DD25ED200BA1E85 /* FeedImageCell+TestHelpers.swift in Sources */ = {isa = PBXBuildFile; fileRef = 2F3658B52DD25ED200BA1E85 /* FeedImageCell+TestHelpers.swift */; };
		2F3658C52DD25ED200BA1E85 /* UIRefreshControl+TestHelpers.swift in Sources */ = {isa = PBXBuildFile; fileRef = 2F3658BD2DD25ED200BA1E85 /* UIRefreshControl+TestHelpers.swift */; };
		2F3658C62DD25ED200BA1E85 /* ListViewController+TestHelpers.swift in Sources */ = {isa = PBXBuildFile; fileRef = 2F3658B72DD25ED200BA1E85 /* ListViewController+TestHelpers.swift */; };
		2F3658D32DD2620D00BA1E85 /* FeedAcceptanceTests.swift in Sources */ = {isa = PBXBuildFile; fileRef = 2F3658D22DD2620D00BA1E85 /* FeedAcceptanceTests.swift */; };
		2F3658D52DD38D7700BA1E85 /* HTTPClientStub.swift in Sources */ = {isa = PBXBuildFile; fileRef = 2F3658D42DD38D7700BA1E85 /* HTTPClientStub.swift */; };
		2F3658D72DD38DE300BA1E85 /* InMemoryFeedStore.swift in Sources */ = {isa = PBXBuildFile; fileRef = 2F3658D62DD38DE300BA1E85 /* InMemoryFeedStore.swift */; };
		2F365AE32DD8988900BA1E85 /* UIView+TestHelpers.swift in Sources */ = {isa = PBXBuildFile; fileRef = 2F365AE22DD8988900BA1E85 /* UIView+TestHelpers.swift */; };
		2F3C5A632E0AB2CA00E7510C /* CommentsUIIntegrationTests.swift in Sources */ = {isa = PBXBuildFile; fileRef = 2F3C5A622E0AB2CA00E7510C /* CommentsUIIntegrationTests.swift */; };
		2F45B6E32DD25AF90093E20E /* SceneDelegateTests.swift in Sources */ = {isa = PBXBuildFile; fileRef = 2F45B6E22DD25AF90093E20E /* SceneDelegateTests.swift */; };
		2F5AEE762DCA5E5D00E27D30 /* EssentialFeed.framework in Frameworks */ = {isa = PBXBuildFile; fileRef = 2F5AEE742DCA5E5D00E27D30 /* EssentialFeed.framework */; };
		2F5AEE772DCA5E5D00E27D30 /* EssentialFeed.framework in Embed Frameworks */ = {isa = PBXBuildFile; fileRef = 2F5AEE742DCA5E5D00E27D30 /* EssentialFeed.framework */; settings = {ATTRIBUTES = (CodeSignOnCopy, RemoveHeadersOnCopy, ); }; };
		2F5AEE782DCA5E5D00E27D30 /* EssentialFeediOS.framework in Frameworks */ = {isa = PBXBuildFile; fileRef = 2F5AEE752DCA5E5D00E27D30 /* EssentialFeediOS.framework */; };
		2F5AEE792DCA5E5D00E27D30 /* EssentialFeediOS.framework in Embed Frameworks */ = {isa = PBXBuildFile; fileRef = 2F5AEE752DCA5E5D00E27D30 /* EssentialFeediOS.framework */; settings = {ATTRIBUTES = (CodeSignOnCopy, RemoveHeadersOnCopy, ); }; };
		2FFF0BC92DCBB85A0080C4F4 /* XCTestCase+MemoryLeakTracking.swift in Sources */ = {isa = PBXBuildFile; fileRef = 2FFF0BC82DCBB85A0080C4F4 /* XCTestCase+MemoryLeakTracking.swift */; };
		2FFF0BCC2DCBB8EE0080C4F4 /* SharedTestHelpers.swift in Sources */ = {isa = PBXBuildFile; fileRef = 2FFF0BCB2DCBB8EE0080C4F4 /* SharedTestHelpers.swift */; };
		2FFF0CCB2DCCCCDF0080C4F4 /* FeedLoaderStub.swift in Sources */ = {isa = PBXBuildFile; fileRef = 2FFF0CCA2DCCCCDF0080C4F4 /* FeedLoaderStub.swift */; };
		2FFF0CCD2DCCCDDF0080C4F4 /* XCTestCase+FeedLoader.swift in Sources */ = {isa = PBXBuildFile; fileRef = 2FFF0CCC2DCCCDDF0080C4F4 /* XCTestCase+FeedLoader.swift */; };
/* End PBXBuildFile section */

/* Begin PBXContainerItemProxy section */
		2F11379B2DCA5A94002EC05E /* PBXContainerItemProxy */ = {
			isa = PBXContainerItemProxy;
			containerPortal = 2F11377C2DCA5A93002EC05E /* Project object */;
			proxyType = 1;
			remoteGlobalIDString = 2F1137832DCA5A93002EC05E;
			remoteInfo = EssentialApp;
		};
		2FFF0E122DCF8B850080C4F4 /* PBXContainerItemProxy */ = {
			isa = PBXContainerItemProxy;
			containerPortal = 2F11377C2DCA5A93002EC05E /* Project object */;
			proxyType = 1;
			remoteGlobalIDString = 2F1137832DCA5A93002EC05E;
			remoteInfo = EssentialApp;
		};
/* End PBXContainerItemProxy section */

/* Begin PBXCopyFilesBuildPhase section */
		2F5AEE7A2DCA5E5D00E27D30 /* Embed Frameworks */ = {
			isa = PBXCopyFilesBuildPhase;
			buildActionMask = 2147483647;
			dstPath = "";
			dstSubfolderSpec = 10;
			files = (
				2F5AEE772DCA5E5D00E27D30 /* EssentialFeed.framework in Embed Frameworks */,
				2F5AEE792DCA5E5D00E27D30 /* EssentialFeediOS.framework in Embed Frameworks */,
			);
			name = "Embed Frameworks";
			runOnlyForDeploymentPostprocessing = 0;
		};
/* End PBXCopyFilesBuildPhase section */

/* Begin PBXFileReference section */
		2F1137842DCA5A93002EC05E /* EssentialApp.app */ = {isa = PBXFileReference; explicitFileType = wrapper.application; includeInIndex = 0; path = EssentialApp.app; sourceTree = BUILT_PRODUCTS_DIR; };
		2F11379A2DCA5A94002EC05E /* EssentialAppTests.xctest */ = {isa = PBXFileReference; explicitFileType = wrapper.cfbundle; includeInIndex = 0; path = EssentialAppTests.xctest; sourceTree = BUILT_PRODUCTS_DIR; };
		2F3658B52DD25ED200BA1E85 /* FeedImageCell+TestHelpers.swift */ = {isa = PBXFileReference; lastKnownFileType = sourcecode.swift; path = "FeedImageCell+TestHelpers.swift"; sourceTree = "<group>"; };
		2F3658B72DD25ED200BA1E85 /* ListViewController+TestHelpers.swift */ = {isa = PBXFileReference; lastKnownFileType = sourcecode.swift; path = "ListViewController+TestHelpers.swift"; sourceTree = "<group>"; };
		2F3658B82DD25ED200BA1E85 /* FeedViewControllerTests+Assertions.swift */ = {isa = PBXFileReference; lastKnownFileType = sourcecode.swift; path = "FeedViewControllerTests+Assertions.swift"; sourceTree = "<group>"; };
		2F3658B92DD25ED200BA1E85 /* FeedViewControllerTests+LoaderSpy.swift */ = {isa = PBXFileReference; lastKnownFileType = sourcecode.swift; path = "FeedViewControllerTests+LoaderSpy.swift"; sourceTree = "<group>"; };
		2F3658BA2DD25ED200BA1E85 /* UIButton+TestHelpers.swift */ = {isa = PBXFileReference; lastKnownFileType = sourcecode.swift; path = "UIButton+TestHelpers.swift"; sourceTree = "<group>"; };
		2F3658BB2DD25ED200BA1E85 /* UIControl+TestHelpers.swift */ = {isa = PBXFileReference; lastKnownFileType = sourcecode.swift; path = "UIControl+TestHelpers.swift"; sourceTree = "<group>"; };
		2F3658BC2DD25ED200BA1E85 /* UIImage+TestHelpers.swift */ = {isa = PBXFileReference; lastKnownFileType = sourcecode.swift; path = "UIImage+TestHelpers.swift"; sourceTree = "<group>"; };
		2F3658BD2DD25ED200BA1E85 /* UIRefreshControl+TestHelpers.swift */ = {isa = PBXFileReference; lastKnownFileType = sourcecode.swift; path = "UIRefreshControl+TestHelpers.swift"; sourceTree = "<group>"; };
		2F3658D22DD2620D00BA1E85 /* FeedAcceptanceTests.swift */ = {isa = PBXFileReference; lastKnownFileType = sourcecode.swift; path = FeedAcceptanceTests.swift; sourceTree = "<group>"; };
		2F3658D42DD38D7700BA1E85 /* HTTPClientStub.swift */ = {isa = PBXFileReference; lastKnownFileType = sourcecode.swift; path = HTTPClientStub.swift; sourceTree = "<group>"; };
		2F3658D62DD38DE300BA1E85 /* InMemoryFeedStore.swift */ = {isa = PBXFileReference; lastKnownFileType = sourcecode.swift; path = InMemoryFeedStore.swift; sourceTree = "<group>"; };
		2F365AE22DD8988900BA1E85 /* UIView+TestHelpers.swift */ = {isa = PBXFileReference; lastKnownFileType = sourcecode.swift; path = "UIView+TestHelpers.swift"; sourceTree = "<group>"; };
		2F3C5A622E0AB2CA00E7510C /* CommentsUIIntegrationTests.swift */ = {isa = PBXFileReference; lastKnownFileType = sourcecode.swift; path = CommentsUIIntegrationTests.swift; sourceTree = "<group>"; };
		2F45B6E22DD25AF90093E20E /* SceneDelegateTests.swift */ = {isa = PBXFileReference; lastKnownFileType = sourcecode.swift; path = SceneDelegateTests.swift; sourceTree = "<group>"; };
		2F5AEE742DCA5E5D00E27D30 /* EssentialFeed.framework */ = {isa = PBXFileReference; explicitFileType = wrapper.framework; path = EssentialFeed.framework; sourceTree = BUILT_PRODUCTS_DIR; };
		2F5AEE752DCA5E5D00E27D30 /* EssentialFeediOS.framework */ = {isa = PBXFileReference; explicitFileType = wrapper.framework; path = EssentialFeediOS.framework; sourceTree = BUILT_PRODUCTS_DIR; };
		2FFF0BC82DCBB85A0080C4F4 /* XCTestCase+MemoryLeakTracking.swift */ = {isa = PBXFileReference; lastKnownFileType = sourcecode.swift; path = "XCTestCase+MemoryLeakTracking.swift"; sourceTree = "<group>"; };
		2FFF0BCB2DCBB8EE0080C4F4 /* SharedTestHelpers.swift */ = {isa = PBXFileReference; lastKnownFileType = sourcecode.swift; path = SharedTestHelpers.swift; sourceTree = "<group>"; };
		2FFF0CCA2DCCCCDF0080C4F4 /* FeedLoaderStub.swift */ = {isa = PBXFileReference; lastKnownFileType = sourcecode.swift; path = FeedLoaderStub.swift; sourceTree = "<group>"; };
		2FFF0CCC2DCCCDDF0080C4F4 /* XCTestCase+FeedLoader.swift */ = {isa = PBXFileReference; lastKnownFileType = sourcecode.swift; path = "XCTestCase+FeedLoader.swift"; sourceTree = "<group>"; };
		2FFF0E0C2DCF8B850080C4F4 /* EssentialAppUIAcceptanceTests.xctest */ = {isa = PBXFileReference; explicitFileType = wrapper.cfbundle; includeInIndex = 0; path = EssentialAppUIAcceptanceTests.xctest; sourceTree = BUILT_PRODUCTS_DIR; };
/* End PBXFileReference section */

/* Begin PBXFileSystemSynchronizedBuildFileExceptionSet section */
		2F1137AC2DCA5A94002EC05E /* Exceptions for "EssentialApp" folder in "EssentialApp" target */ = {
			isa = PBXFileSystemSynchronizedBuildFileExceptionSet;
			membershipExceptions = (
				Info.plist,
			);
			target = 2F1137832DCA5A93002EC05E /* EssentialApp */;
		};
/* End PBXFileSystemSynchronizedBuildFileExceptionSet section */

/* Begin PBXFileSystemSynchronizedRootGroup section */
		2F1137862DCA5A93002EC05E /* EssentialApp */ = {
			isa = PBXFileSystemSynchronizedRootGroup;
			exceptions = (
				2F1137AC2DCA5A94002EC05E /* Exceptions for "EssentialApp" folder in "EssentialApp" target */,
			);
			path = EssentialApp;
			sourceTree = "<group>";
		};
		2F3658CF2DD25F3300BA1E85 /* Feed UI */ = {
			isa = PBXFileSystemSynchronizedRootGroup;
			path = "Feed UI";
			sourceTree = "<group>";
		};
		2FFF0E0D2DCF8B850080C4F4 /* EssentialAppUIAcceptanceTests */ = {
			isa = PBXFileSystemSynchronizedRootGroup;
			path = EssentialAppUIAcceptanceTests;
			sourceTree = "<group>";
		};
/* End PBXFileSystemSynchronizedRootGroup section */

/* Begin PBXFrameworksBuildPhase section */
		2F1137812DCA5A93002EC05E /* Frameworks */ = {
			isa = PBXFrameworksBuildPhase;
			buildActionMask = 2147483647;
			files = (
				2F5AEE762DCA5E5D00E27D30 /* EssentialFeed.framework in Frameworks */,
				2F5AEE782DCA5E5D00E27D30 /* EssentialFeediOS.framework in Frameworks */,
			);
			runOnlyForDeploymentPostprocessing = 0;
		};
		2F1137972DCA5A94002EC05E /* Frameworks */ = {
			isa = PBXFrameworksBuildPhase;
			buildActionMask = 2147483647;
			files = (
			);
			runOnlyForDeploymentPostprocessing = 0;
		};
		2FFF0E092DCF8B850080C4F4 /* Frameworks */ = {
			isa = PBXFrameworksBuildPhase;
			buildActionMask = 2147483647;
			files = (
			);
			runOnlyForDeploymentPostprocessing = 0;
		};
/* End PBXFrameworksBuildPhase section */

/* Begin PBXGroup section */
		2F11377B2DCA5A93002EC05E = {
			isa = PBXGroup;
			children = (
				2F1137862DCA5A93002EC05E /* EssentialApp */,
				2F7F48BD2DCBAB2E0093BB77 /* EssentialAppTests */,
				2FFF0E0D2DCF8B850080C4F4 /* EssentialAppUIAcceptanceTests */,
				2F5AEE732DCA5E5D00E27D30 /* Frameworks */,
				2F1137852DCA5A93002EC05E /* Products */,
			);
			sourceTree = "<group>";
		};
		2F1137852DCA5A93002EC05E /* Products */ = {
			isa = PBXGroup;
			children = (
				2F1137842DCA5A93002EC05E /* EssentialApp.app */,
				2F11379A2DCA5A94002EC05E /* EssentialAppTests.xctest */,
				2FFF0E0C2DCF8B850080C4F4 /* EssentialAppUIAcceptanceTests.xctest */,
			);
			name = Products;
			sourceTree = "<group>";
		};
		2F3C5A642E0AB2D000E7510C /* Comments UI */ = {
			isa = PBXGroup;
			children = (
				2F3C5A622E0AB2CA00E7510C /* CommentsUIIntegrationTests.swift */,
			);
			path = "Comments UI";
			sourceTree = "<group>";
		};
		2F5AEE732DCA5E5D00E27D30 /* Frameworks */ = {
			isa = PBXGroup;
			children = (
				2F5AEE742DCA5E5D00E27D30 /* EssentialFeed.framework */,
				2F5AEE752DCA5E5D00E27D30 /* EssentialFeediOS.framework */,
			);
			name = Frameworks;
			sourceTree = "<group>";
		};
		2F7F48BD2DCBAB2E0093BB77 /* EssentialAppTests */ = {
			isa = PBXGroup;
			children = (
				2F3658CF2DD25F3300BA1E85 /* Feed UI */,
				2FFF0BCA2DCBB85F0080C4F4 /* Helpers */,
				2F45B6E22DD25AF90093E20E /* SceneDelegateTests.swift */,
				2F3658D22DD2620D00BA1E85 /* FeedAcceptanceTests.swift */,
				2F3C5A642E0AB2D000E7510C /* Comments UI */,
			);
			path = EssentialAppTests;
			sourceTree = "<group>";
		};
		2FFF0BCA2DCBB85F0080C4F4 /* Helpers */ = {
			isa = PBXGroup;
			children = (
				2F365AE22DD8988900BA1E85 /* UIView+TestHelpers.swift */,
				2F3658D62DD38DE300BA1E85 /* InMemoryFeedStore.swift */,
				2F3658D42DD38D7700BA1E85 /* HTTPClientStub.swift */,
				2F3658B52DD25ED200BA1E85 /* FeedImageCell+TestHelpers.swift */,
				2F3658B72DD25ED200BA1E85 /* ListViewController+TestHelpers.swift */,
				2F3658B82DD25ED200BA1E85 /* FeedViewControllerTests+Assertions.swift */,
				2F3658B92DD25ED200BA1E85 /* FeedViewControllerTests+LoaderSpy.swift */,
				2F3658BA2DD25ED200BA1E85 /* UIButton+TestHelpers.swift */,
				2F3658BB2DD25ED200BA1E85 /* UIControl+TestHelpers.swift */,
				2F3658BC2DD25ED200BA1E85 /* UIImage+TestHelpers.swift */,
				2F3658BD2DD25ED200BA1E85 /* UIRefreshControl+TestHelpers.swift */,
				2FFF0CCA2DCCCCDF0080C4F4 /* FeedLoaderStub.swift */,
				2FFF0BC82DCBB85A0080C4F4 /* XCTestCase+MemoryLeakTracking.swift */,
				2FFF0BCB2DCBB8EE0080C4F4 /* SharedTestHelpers.swift */,
				2FFF0CCC2DCCCDDF0080C4F4 /* XCTestCase+FeedLoader.swift */,
			);
			path = Helpers;
			sourceTree = "<group>";
		};
/* End PBXGroup section */

/* Begin PBXNativeTarget section */
		2F1137832DCA5A93002EC05E /* EssentialApp */ = {
			isa = PBXNativeTarget;
			buildConfigurationList = 2F1137AD2DCA5A94002EC05E /* Build configuration list for PBXNativeTarget "EssentialApp" */;
			buildPhases = (
				2F1137802DCA5A93002EC05E /* Sources */,
				2F1137812DCA5A93002EC05E /* Frameworks */,
				2F1137822DCA5A93002EC05E /* Resources */,
				2F5AEE7A2DCA5E5D00E27D30 /* Embed Frameworks */,
			);
			buildRules = (
			);
			dependencies = (
			);
			fileSystemSynchronizedGroups = (
				2F1137862DCA5A93002EC05E /* EssentialApp */,
			);
			name = EssentialApp;
			packageProductDependencies = (
			);
			productName = EssentialApp;
			productReference = 2F1137842DCA5A93002EC05E /* EssentialApp.app */;
			productType = "com.apple.product-type.application";
		};
		2F1137992DCA5A94002EC05E /* EssentialAppTests */ = {
			isa = PBXNativeTarget;
			buildConfigurationList = 2F1137B22DCA5A94002EC05E /* Build configuration list for PBXNativeTarget "EssentialAppTests" */;
			buildPhases = (
				2F1137962DCA5A94002EC05E /* Sources */,
				2F1137972DCA5A94002EC05E /* Frameworks */,
				2F1137982DCA5A94002EC05E /* Resources */,
			);
			buildRules = (
			);
			dependencies = (
				2F11379C2DCA5A94002EC05E /* PBXTargetDependency */,
			);
			fileSystemSynchronizedGroups = (
				2F3658CF2DD25F3300BA1E85 /* Feed UI */,
			);
			name = EssentialAppTests;
			packageProductDependencies = (
			);
			productName = EssentialAppTests;
			productReference = 2F11379A2DCA5A94002EC05E /* EssentialAppTests.xctest */;
			productType = "com.apple.product-type.bundle.unit-test";
		};
		2FFF0E0B2DCF8B850080C4F4 /* EssentialAppUIAcceptanceTests */ = {
			isa = PBXNativeTarget;
			buildConfigurationList = 2FFF0E142DCF8B850080C4F4 /* Build configuration list for PBXNativeTarget "EssentialAppUIAcceptanceTests" */;
			buildPhases = (
				2FFF0E082DCF8B850080C4F4 /* Sources */,
				2FFF0E092DCF8B850080C4F4 /* Frameworks */,
				2FFF0E0A2DCF8B850080C4F4 /* Resources */,
			);
			buildRules = (
			);
			dependencies = (
				2FFF0E132DCF8B850080C4F4 /* PBXTargetDependency */,
			);
			fileSystemSynchronizedGroups = (
				2FFF0E0D2DCF8B850080C4F4 /* EssentialAppUIAcceptanceTests */,
			);
			name = EssentialAppUIAcceptanceTests;
			packageProductDependencies = (
			);
			productName = EssentialAppUIAcceptanceTests;
			productReference = 2FFF0E0C2DCF8B850080C4F4 /* EssentialAppUIAcceptanceTests.xctest */;
			productType = "com.apple.product-type.bundle.ui-testing";
		};
/* End PBXNativeTarget section */

/* Begin PBXProject section */
		2F11377C2DCA5A93002EC05E /* Project object */ = {
			isa = PBXProject;
			attributes = {
				BuildIndependentTargetsInParallel = 1;
				LastSwiftUpdateCheck = 1630;
				LastUpgradeCheck = 1630;
				TargetAttributes = {
					2F1137832DCA5A93002EC05E = {
						CreatedOnToolsVersion = 16.3;
					};
					2F1137992DCA5A94002EC05E = {
						CreatedOnToolsVersion = 16.3;
						LastSwiftMigration = 1630;
						TestTargetID = 2F1137832DCA5A93002EC05E;
					};
					2FFF0E0B2DCF8B850080C4F4 = {
						CreatedOnToolsVersion = 16.3;
						TestTargetID = 2F1137832DCA5A93002EC05E;
					};
				};
			};
			buildConfigurationList = 2F11377F2DCA5A93002EC05E /* Build configuration list for PBXProject "EssentialApp" */;
			developmentRegion = en;
			hasScannedForEncodings = 0;
			knownRegions = (
				en,
				Base,
			);
			mainGroup = 2F11377B2DCA5A93002EC05E;
			minimizedProjectReferenceProxies = 1;
			preferredProjectObjectVersion = 77;
			productRefGroup = 2F1137852DCA5A93002EC05E /* Products */;
			projectDirPath = "";
			projectRoot = "";
			targets = (
				2F1137832DCA5A93002EC05E /* EssentialApp */,
				2F1137992DCA5A94002EC05E /* EssentialAppTests */,
				2FFF0E0B2DCF8B850080C4F4 /* EssentialAppUIAcceptanceTests */,
			);
		};
/* End PBXProject section */

/* Begin PBXResourcesBuildPhase section */
		2F1137822DCA5A93002EC05E /* Resources */ = {
			isa = PBXResourcesBuildPhase;
			buildActionMask = 2147483647;
			files = (
			);
			runOnlyForDeploymentPostprocessing = 0;
		};
		2F1137982DCA5A94002EC05E /* Resources */ = {
			isa = PBXResourcesBuildPhase;
			buildActionMask = 2147483647;
			files = (
			);
			runOnlyForDeploymentPostprocessing = 0;
		};
		2FFF0E0A2DCF8B850080C4F4 /* Resources */ = {
			isa = PBXResourcesBuildPhase;
			buildActionMask = 2147483647;
			files = (
			);
			runOnlyForDeploymentPostprocessing = 0;
		};
/* End PBXResourcesBuildPhase section */

/* Begin PBXSourcesBuildPhase section */
		2F1137802DCA5A93002EC05E /* Sources */ = {
			isa = PBXSourcesBuildPhase;
			buildActionMask = 2147483647;
			files = (
			);
			runOnlyForDeploymentPostprocessing = 0;
		};
		2F1137962DCA5A94002EC05E /* Sources */ = {
			isa = PBXSourcesBuildPhase;
			buildActionMask = 2147483647;
			files = (
				2FFF0BCC2DCBB8EE0080C4F4 /* SharedTestHelpers.swift in Sources */,
				2FFF0CCD2DCCCDDF0080C4F4 /* XCTestCase+FeedLoader.swift in Sources */,
				2F45B6E32DD25AF90093E20E /* SceneDelegateTests.swift in Sources */,
				2F3658BE2DD25ED200BA1E85 /* UIButton+TestHelpers.swift in Sources */,
				2F3658BF2DD25ED200BA1E85 /* UIControl+TestHelpers.swift in Sources */,
				2F3658D32DD2620D00BA1E85 /* FeedAcceptanceTests.swift in Sources */,
				2F3658C12DD25ED200BA1E85 /* UIImage+TestHelpers.swift in Sources */,
				2F3C5A632E0AB2CA00E7510C /* CommentsUIIntegrationTests.swift in Sources */,
				2F3658D52DD38D7700BA1E85 /* HTTPClientStub.swift in Sources */,
				2F3658C22DD25ED200BA1E85 /* FeedViewControllerTests+Assertions.swift in Sources */,
				2F3658C32DD25ED200BA1E85 /* FeedViewControllerTests+LoaderSpy.swift in Sources */,
				2F3658C42DD25ED200BA1E85 /* FeedImageCell+TestHelpers.swift in Sources */,
				2F3658C52DD25ED200BA1E85 /* UIRefreshControl+TestHelpers.swift in Sources */,
				2F3658C62DD25ED200BA1E85 /* ListViewController+TestHelpers.swift in Sources */,
				2F365AE32DD8988900BA1E85 /* UIView+TestHelpers.swift in Sources */,
				2FFF0CCB2DCCCCDF0080C4F4 /* FeedLoaderStub.swift in Sources */,
				2FFF0BC92DCBB85A0080C4F4 /* XCTestCase+MemoryLeakTracking.swift in Sources */,
				2F3658D72DD38DE300BA1E85 /* InMemoryFeedStore.swift in Sources */,
			);
			runOnlyForDeploymentPostprocessing = 0;
		};
		2FFF0E082DCF8B850080C4F4 /* Sources */ = {
			isa = PBXSourcesBuildPhase;
			buildActionMask = 2147483647;
			files = (
			);
			runOnlyForDeploymentPostprocessing = 0;
		};
/* End PBXSourcesBuildPhase section */

/* Begin PBXTargetDependency section */
		2F11379C2DCA5A94002EC05E /* PBXTargetDependency */ = {
			isa = PBXTargetDependency;
			target = 2F1137832DCA5A93002EC05E /* EssentialApp */;
			targetProxy = 2F11379B2DCA5A94002EC05E /* PBXContainerItemProxy */;
		};
		2FFF0E132DCF8B850080C4F4 /* PBXTargetDependency */ = {
			isa = PBXTargetDependency;
			target = 2F1137832DCA5A93002EC05E /* EssentialApp */;
			targetProxy = 2FFF0E122DCF8B850080C4F4 /* PBXContainerItemProxy */;
		};
/* End PBXTargetDependency section */

/* Begin XCBuildConfiguration section */
		2F1137AE2DCA5A94002EC05E /* Debug */ = {
			isa = XCBuildConfiguration;
			buildSettings = {
				ASSETCATALOG_COMPILER_APPICON_NAME = AppIcon;
				ASSETCATALOG_COMPILER_GLOBAL_ACCENT_COLOR_NAME = AccentColor;
				CODE_SIGN_STYLE = Automatic;
				CURRENT_PROJECT_VERSION = 1;
				DEVELOPMENT_TEAM = KQ5WJ6ZC4G;
				GENERATE_INFOPLIST_FILE = YES;
				INFOPLIST_FILE = EssentialApp/Info.plist;
				INFOPLIST_KEY_UIApplicationSupportsIndirectInputEvents = YES;
				INFOPLIST_KEY_UILaunchStoryboardName = LaunchScreen;
				INFOPLIST_KEY_UISupportedInterfaceOrientations = UIInterfaceOrientationPortrait;
				INFOPLIST_KEY_UISupportedInterfaceOrientations_iPad = "UIInterfaceOrientationPortrait UIInterfaceOrientationPortraitUpsideDown";
				IPHONEOS_DEPLOYMENT_TARGET = 15.6;
				LD_RUNPATH_SEARCH_PATHS = (
					"$(inherited)",
					"@executable_path/Frameworks",
				);
				MARKETING_VERSION = 1.0;
				PRODUCT_BUNDLE_IDENTIFIER = com.dementievnikolay.EssentialFeed.EssentialApp;
				PRODUCT_NAME = "$(TARGET_NAME)";
				SWIFT_EMIT_LOC_STRINGS = YES;
				SWIFT_VERSION = 5.0;
				TARGETED_DEVICE_FAMILY = "1,2";
			};
			name = Debug;
		};
		2F1137AF2DCA5A94002EC05E /* Release */ = {
			isa = XCBuildConfiguration;
			buildSettings = {
				ASSETCATALOG_COMPILER_APPICON_NAME = AppIcon;
				ASSETCATALOG_COMPILER_GLOBAL_ACCENT_COLOR_NAME = AccentColor;
				CODE_SIGN_STYLE = Automatic;
				CURRENT_PROJECT_VERSION = 1;
				DEVELOPMENT_TEAM = KQ5WJ6ZC4G;
				GENERATE_INFOPLIST_FILE = YES;
				INFOPLIST_FILE = EssentialApp/Info.plist;
				INFOPLIST_KEY_UIApplicationSupportsIndirectInputEvents = YES;
				INFOPLIST_KEY_UILaunchStoryboardName = LaunchScreen;
				INFOPLIST_KEY_UISupportedInterfaceOrientations = UIInterfaceOrientationPortrait;
				INFOPLIST_KEY_UISupportedInterfaceOrientations_iPad = "UIInterfaceOrientationPortrait UIInterfaceOrientationPortraitUpsideDown";
				IPHONEOS_DEPLOYMENT_TARGET = 15.6;
				LD_RUNPATH_SEARCH_PATHS = (
					"$(inherited)",
					"@executable_path/Frameworks",
				);
				MARKETING_VERSION = 1.0;
				PRODUCT_BUNDLE_IDENTIFIER = com.dementievnikolay.EssentialFeed.EssentialApp;
				PRODUCT_NAME = "$(TARGET_NAME)";
				SWIFT_EMIT_LOC_STRINGS = YES;
				SWIFT_VERSION = 5.0;
				TARGETED_DEVICE_FAMILY = "1,2";
			};
			name = Release;
		};
		2F1137B02DCA5A94002EC05E /* Debug */ = {
			isa = XCBuildConfiguration;
			buildSettings = {
				ALWAYS_SEARCH_USER_PATHS = NO;
				ASSETCATALOG_COMPILER_GENERATE_SWIFT_ASSET_SYMBOL_EXTENSIONS = YES;
				CLANG_ANALYZER_NONNULL = YES;
				CLANG_ANALYZER_NUMBER_OBJECT_CONVERSION = YES_AGGRESSIVE;
				CLANG_CXX_LANGUAGE_STANDARD = "gnu++20";
				CLANG_ENABLE_MODULES = YES;
				CLANG_ENABLE_OBJC_ARC = YES;
				CLANG_ENABLE_OBJC_WEAK = YES;
				CLANG_WARN_BLOCK_CAPTURE_AUTORELEASING = YES;
				CLANG_WARN_BOOL_CONVERSION = YES;
				CLANG_WARN_COMMA = YES;
				CLANG_WARN_CONSTANT_CONVERSION = YES;
				CLANG_WARN_DEPRECATED_OBJC_IMPLEMENTATIONS = YES;
				CLANG_WARN_DIRECT_OBJC_ISA_USAGE = YES_ERROR;
				CLANG_WARN_DOCUMENTATION_COMMENTS = YES;
				CLANG_WARN_EMPTY_BODY = YES;
				CLANG_WARN_ENUM_CONVERSION = YES;
				CLANG_WARN_INFINITE_RECURSION = YES;
				CLANG_WARN_INT_CONVERSION = YES;
				CLANG_WARN_NON_LITERAL_NULL_CONVERSION = YES;
				CLANG_WARN_OBJC_IMPLICIT_RETAIN_SELF = YES;
				CLANG_WARN_OBJC_LITERAL_CONVERSION = YES;
				CLANG_WARN_OBJC_ROOT_CLASS = YES_ERROR;
				CLANG_WARN_QUOTED_INCLUDE_IN_FRAMEWORK_HEADER = YES;
				CLANG_WARN_RANGE_LOOP_ANALYSIS = YES;
				CLANG_WARN_STRICT_PROTOTYPES = YES;
				CLANG_WARN_SUSPICIOUS_MOVE = YES;
				CLANG_WARN_UNGUARDED_AVAILABILITY = YES_AGGRESSIVE;
				CLANG_WARN_UNREACHABLE_CODE = YES;
				CLANG_WARN__DUPLICATE_METHOD_MATCH = YES;
				COPY_PHASE_STRIP = NO;
				DEBUG_INFORMATION_FORMAT = dwarf;
				DEVELOPMENT_TEAM = KQ5WJ6ZC4G;
				ENABLE_STRICT_OBJC_MSGSEND = YES;
				ENABLE_TESTABILITY = YES;
				ENABLE_USER_SCRIPT_SANDBOXING = YES;
				GCC_C_LANGUAGE_STANDARD = gnu17;
				GCC_DYNAMIC_NO_PIC = NO;
				GCC_NO_COMMON_BLOCKS = YES;
				GCC_OPTIMIZATION_LEVEL = 0;
				GCC_PREPROCESSOR_DEFINITIONS = (
					"DEBUG=1",
					"$(inherited)",
				);
				GCC_WARN_64_TO_32_BIT_CONVERSION = YES;
				GCC_WARN_ABOUT_RETURN_TYPE = YES_ERROR;
				GCC_WARN_UNDECLARED_SELECTOR = YES;
				GCC_WARN_UNINITIALIZED_AUTOS = YES_AGGRESSIVE;
				GCC_WARN_UNUSED_FUNCTION = YES;
				GCC_WARN_UNUSED_VARIABLE = YES;
				IPHONEOS_DEPLOYMENT_TARGET = 15.6;
				LOCALIZATION_PREFERS_STRING_CATALOGS = YES;
				MTL_ENABLE_DEBUG_INFO = INCLUDE_SOURCE;
				MTL_FAST_MATH = YES;
				ONLY_ACTIVE_ARCH = YES;
				SDKROOT = iphoneos;
				SWIFT_ACTIVE_COMPILATION_CONDITIONS = "DEBUG $(inherited)";
				SWIFT_OPTIMIZATION_LEVEL = "-Onone";
			};
			name = Debug;
		};
		2F1137B12DCA5A94002EC05E /* Release */ = {
			isa = XCBuildConfiguration;
			buildSettings = {
				ALWAYS_SEARCH_USER_PATHS = NO;
				ASSETCATALOG_COMPILER_GENERATE_SWIFT_ASSET_SYMBOL_EXTENSIONS = YES;
				CLANG_ANALYZER_NONNULL = YES;
				CLANG_ANALYZER_NUMBER_OBJECT_CONVERSION = YES_AGGRESSIVE;
				CLANG_CXX_LANGUAGE_STANDARD = "gnu++20";
				CLANG_ENABLE_MODULES = YES;
				CLANG_ENABLE_OBJC_ARC = YES;
				CLANG_ENABLE_OBJC_WEAK = YES;
				CLANG_WARN_BLOCK_CAPTURE_AUTORELEASING = YES;
				CLANG_WARN_BOOL_CONVERSION = YES;
				CLANG_WARN_COMMA = YES;
				CLANG_WARN_CONSTANT_CONVERSION = YES;
				CLANG_WARN_DEPRECATED_OBJC_IMPLEMENTATIONS = YES;
				CLANG_WARN_DIRECT_OBJC_ISA_USAGE = YES_ERROR;
				CLANG_WARN_DOCUMENTATION_COMMENTS = YES;
				CLANG_WARN_EMPTY_BODY = YES;
				CLANG_WARN_ENUM_CONVERSION = YES;
				CLANG_WARN_INFINITE_RECURSION = YES;
				CLANG_WARN_INT_CONVERSION = YES;
				CLANG_WARN_NON_LITERAL_NULL_CONVERSION = YES;
				CLANG_WARN_OBJC_IMPLICIT_RETAIN_SELF = YES;
				CLANG_WARN_OBJC_LITERAL_CONVERSION = YES;
				CLANG_WARN_OBJC_ROOT_CLASS = YES_ERROR;
				CLANG_WARN_QUOTED_INCLUDE_IN_FRAMEWORK_HEADER = YES;
				CLANG_WARN_RANGE_LOOP_ANALYSIS = YES;
				CLANG_WARN_STRICT_PROTOTYPES = YES;
				CLANG_WARN_SUSPICIOUS_MOVE = YES;
				CLANG_WARN_UNGUARDED_AVAILABILITY = YES_AGGRESSIVE;
				CLANG_WARN_UNREACHABLE_CODE = YES;
				CLANG_WARN__DUPLICATE_METHOD_MATCH = YES;
				COPY_PHASE_STRIP = NO;
				DEBUG_INFORMATION_FORMAT = "dwarf-with-dsym";
				DEVELOPMENT_TEAM = KQ5WJ6ZC4G;
				ENABLE_NS_ASSERTIONS = NO;
				ENABLE_STRICT_OBJC_MSGSEND = YES;
				ENABLE_USER_SCRIPT_SANDBOXING = YES;
				GCC_C_LANGUAGE_STANDARD = gnu17;
				GCC_NO_COMMON_BLOCKS = YES;
				GCC_WARN_64_TO_32_BIT_CONVERSION = YES;
				GCC_WARN_ABOUT_RETURN_TYPE = YES_ERROR;
				GCC_WARN_UNDECLARED_SELECTOR = YES;
				GCC_WARN_UNINITIALIZED_AUTOS = YES_AGGRESSIVE;
				GCC_WARN_UNUSED_FUNCTION = YES;
				GCC_WARN_UNUSED_VARIABLE = YES;
				IPHONEOS_DEPLOYMENT_TARGET = 15.6;
				LOCALIZATION_PREFERS_STRING_CATALOGS = YES;
				MTL_ENABLE_DEBUG_INFO = NO;
				MTL_FAST_MATH = YES;
				SDKROOT = iphoneos;
				SWIFT_COMPILATION_MODE = wholemodule;
				VALIDATE_PRODUCT = YES;
			};
			name = Release;
		};
		2F1137B32DCA5A94002EC05E /* Debug */ = {
			isa = XCBuildConfiguration;
			buildSettings = {
				BUNDLE_LOADER = "$(TEST_HOST)";
				CLANG_ENABLE_MODULES = YES;
				CODE_SIGN_STYLE = Automatic;
				CURRENT_PROJECT_VERSION = 1;
				DEVELOPMENT_TEAM = KQ5WJ6ZC4G;
				GENERATE_INFOPLIST_FILE = YES;
				IPHONEOS_DEPLOYMENT_TARGET = 15.6;
				MARKETING_VERSION = 1.0;
				PRODUCT_BUNDLE_IDENTIFIER = com.dementievnikolay.EssentialFeed.EssentialAppTests;
				PRODUCT_NAME = "$(TARGET_NAME)";
				SWIFT_EMIT_LOC_STRINGS = NO;
				SWIFT_OPTIMIZATION_LEVEL = "-Onone";
				SWIFT_VERSION = 5.0;
				TARGETED_DEVICE_FAMILY = "1,2";
				TEST_HOST = "$(BUILT_PRODUCTS_DIR)/EssentialApp.app/$(BUNDLE_EXECUTABLE_FOLDER_PATH)/EssentialApp";
			};
			name = Debug;
		};
		2F1137B42DCA5A94002EC05E /* Release */ = {
			isa = XCBuildConfiguration;
			buildSettings = {
				BUNDLE_LOADER = "$(TEST_HOST)";
				CLANG_ENABLE_MODULES = YES;
				CODE_SIGN_STYLE = Automatic;
				CURRENT_PROJECT_VERSION = 1;
				DEVELOPMENT_TEAM = KQ5WJ6ZC4G;
				GENERATE_INFOPLIST_FILE = YES;
				IPHONEOS_DEPLOYMENT_TARGET = 15.6;
				MARKETING_VERSION = 1.0;
				PRODUCT_BUNDLE_IDENTIFIER = com.dementievnikolay.EssentialFeed.EssentialAppTests;
				PRODUCT_NAME = "$(TARGET_NAME)";
				SWIFT_EMIT_LOC_STRINGS = NO;
				SWIFT_VERSION = 5.0;
				TARGETED_DEVICE_FAMILY = "1,2";
				TEST_HOST = "$(BUILT_PRODUCTS_DIR)/EssentialApp.app/$(BUNDLE_EXECUTABLE_FOLDER_PATH)/EssentialApp";
			};
			name = Release;
		};
		2FFF0E152DCF8B850080C4F4 /* Debug */ = {
			isa = XCBuildConfiguration;
			buildSettings = {
				CODE_SIGN_STYLE = Automatic;
				CURRENT_PROJECT_VERSION = 1;
				DEVELOPMENT_TEAM = KQ5WJ6ZC4G;
				GENERATE_INFOPLIST_FILE = YES;
				IPHONEOS_DEPLOYMENT_TARGET = 15.6;
				MARKETING_VERSION = 1.0;
				PRODUCT_BUNDLE_IDENTIFIER = com.dementievmykola.EssentialFeed.EssentialAppUIAcceptanceTests;
				PRODUCT_NAME = "$(TARGET_NAME)";
				SWIFT_EMIT_LOC_STRINGS = NO;
				SWIFT_VERSION = 5.0;
				TARGETED_DEVICE_FAMILY = "1,2";
				TEST_TARGET_NAME = EssentialApp;
			};
			name = Debug;
		};
		2FFF0E162DCF8B850080C4F4 /* Release */ = {
			isa = XCBuildConfiguration;
			buildSettings = {
				CODE_SIGN_STYLE = Automatic;
				CURRENT_PROJECT_VERSION = 1;
				DEVELOPMENT_TEAM = KQ5WJ6ZC4G;
				GENERATE_INFOPLIST_FILE = YES;
				IPHONEOS_DEPLOYMENT_TARGET = 15.6;
				MARKETING_VERSION = 1.0;
				PRODUCT_BUNDLE_IDENTIFIER = com.dementievmykola.EssentialFeed.EssentialAppUIAcceptanceTests;
				PRODUCT_NAME = "$(TARGET_NAME)";
				SWIFT_EMIT_LOC_STRINGS = NO;
				SWIFT_VERSION = 5.0;
				TARGETED_DEVICE_FAMILY = "1,2";
				TEST_TARGET_NAME = EssentialApp;
			};
			name = Release;
		};
/* End XCBuildConfiguration section */

/* Begin XCConfigurationList section */
		2F11377F2DCA5A93002EC05E /* Build configuration list for PBXProject "EssentialApp" */ = {
			isa = XCConfigurationList;
			buildConfigurations = (
				2F1137B02DCA5A94002EC05E /* Debug */,
				2F1137B12DCA5A94002EC05E /* Release */,
			);
			defaultConfigurationIsVisible = 0;
			defaultConfigurationName = Release;
		};
		2F1137AD2DCA5A94002EC05E /* Build configuration list for PBXNativeTarget "EssentialApp" */ = {
			isa = XCConfigurationList;
			buildConfigurations = (
				2F1137AE2DCA5A94002EC05E /* Debug */,
				2F1137AF2DCA5A94002EC05E /* Release */,
			);
			defaultConfigurationIsVisible = 0;
			defaultConfigurationName = Release;
		};
		2F1137B22DCA5A94002EC05E /* Build configuration list for PBXNativeTarget "EssentialAppTests" */ = {
			isa = XCConfigurationList;
			buildConfigurations = (
				2F1137B32DCA5A94002EC05E /* Debug */,
				2F1137B42DCA5A94002EC05E /* Release */,
			);
			defaultConfigurationIsVisible = 0;
			defaultConfigurationName = Release;
		};
		2FFF0E142DCF8B850080C4F4 /* Build configuration list for PBXNativeTarget "EssentialAppUIAcceptanceTests" */ = {
			isa = XCConfigurationList;
			buildConfigurations = (
				2FFF0E152DCF8B850080C4F4 /* Debug */,
				2FFF0E162DCF8B850080C4F4 /* Release */,
			);
			defaultConfigurationIsVisible = 0;
			defaultConfigurationName = Release;
		};
/* End XCConfigurationList section */
	};
	rootObject = 2F11377C2DCA5A93002EC05E /* Project object */;
}
